
Microsoft Visual Studio Solution File, Format Version 12.00
# Visual Studio 14
VisualStudioVersion = 14.0.25420.1
MinimumVisualStudioVersion = 10.0.40219.1
Project("{FAE04EC0-301F-11D3-BF4B-00C04F79EFBC}") = "UniqueBlog.DBManager", "UniqueBlog.DBManager\UniqueBlog.DBManager.csproj", "{04671DF1-03B0-414A-8A90-211E03FED365}"
EndProject
Project("{FAE04EC0-301F-11D3-BF4B-00C04F79EFBC}") = "UniqueBlog.Domain", "UniqueBlog.Domain\UniqueBlog.Domain.csproj", "{601A5E1D-A6D4-424B-9198-9ACDD14581FD}"
EndProject
Project("{FAE04EC0-301F-11D3-BF4B-00C04F79EFBC}") = "UniqueBlog.Service", "UniqueBlog.Service\UniqueBlog.Service.csproj", "{5732ED1A-EC82-4695-936F-03887D7CB4FA}"
EndProject
Project("{FAE04EC0-301F-11D3-BF4B-00C04F79EFBC}") = "UniqueBlog.Repository", "UniqueBlog.Repository\UniqueBlog.Repository.csproj", "{D87ECCB9-7747-4ED0-8DB8-7C1F0714C072}"
EndProject
Project("{2150E333-8FDC-42A3-9474-1A3956D46DE8}") = "UniqueBlog.UI", "UniqueBlog.UI", "{2483E5E9-1DD6-48F6-9E4A-E7CB5C6F0C8B}"
EndProject
Project("{2150E333-8FDC-42A3-9474-1A3956D46DE8}") = "UniqueBlog.DB", "UniqueBlog.DB", "{C3165249-0428-4E82-9703-8A2620EF4D7B}"
EndProject
Project("{FAE04EC0-301F-11D3-BF4B-00C04F79EFBC}") = "UniqueBlog.Controllers", "UniqueBlog.Controllers\UniqueBlog.Controllers.csproj", "{1A8A9678-A925-43AE-9200-CCE25360766C}"
EndProject
Project("{2150E333-8FDC-42A3-9474-1A3956D46DE8}") = "UniqueBlog.Application", "UniqueBlog.Application", "{3A30C0A6-563F-4CA4-96DF-A60BD6353EA7}"
EndProject
Project("{FAE04EC0-301F-11D3-BF4B-00C04F79EFBC}") = "UniqueBlog.Web", "UniqueBlog.Web\UniqueBlog.Web.csproj", "{AC04F058-84F3-4278-AE6E-A2048EAB4EFD}"
EndProject
Project("{2150E333-8FDC-42A3-9474-1A3956D46DE8}") = "UniqueBlog.Infrastructure", "UniqueBlog.Infrastructure", "{1D726C8E-9349-4644-A5B8-CC9DF485F3E7}"
EndProject
Project("{FAE04EC0-301F-11D3-BF4B-00C04F79EFBC}") = "UniqueBlog.Infrastructure", "UniqueBlog.Infrastructure\UniqueBlog.Infrastructure.csproj", "{FD65F9E6-DFCA-4706-B594-D0BC45A051FC}"
EndProject
Project("{2150E333-8FDC-42A3-9474-1A3956D46DE8}") = "UniqueBlog.Business", "UniqueBlog.Business", "{619898A7-439C-41EB-B181-3282FF7ED5C0}"
EndProject
Project("{FAE04EC0-301F-11D3-BF4B-00C04F79EFBC}") = "UniqueBlog.DTO", "UniqueBlog.DTO\UniqueBlog.DTO.csproj", "{CDB556F2-D203-4383-AE11-EC4A4AEDE119}"
EndProject
Project("{FAE04EC0-301F-11D3-BF4B-00C04F79EFBC}") = "UniqueBlogDB", "UniqueBlogDB\UniqueBlogDB.csproj", "{0C6AB1DF-AC38-4354-B390-BD48FDCEE095}"
EndProject
Global
	GlobalSection(SolutionConfigurationPlatforms) = preSolution
		Debug|Any CPU = Debug|Any CPU
		Release|Any CPU = Release|Any CPU
	EndGlobalSection
	GlobalSection(ProjectConfigurationPlatforms) = postSolution
		{04671DF1-03B0-414A-8A90-211E03FED365}.Debug|Any CPU.ActiveCfg = Debug|Any CPU
		{04671DF1-03B0-414A-8A90-211E03FED365}.Debug|Any CPU.Build.0 = Debug|Any CPU
		{04671DF1-03B0-414A-8A90-211E03FED365}.Release|Any CPU.ActiveCfg = Release|Any CPU
		{04671DF1-03B0-414A-8A90-211E03FED365}.Release|Any CPU.Build.0 = Release|Any CPU
		{601A5E1D-A6D4-424B-9198-9ACDD14581FD}.Debug|Any CPU.ActiveCfg = Debug|Any CPU
		{601A5E1D-A6D4-424B-9198-9ACDD14581FD}.Debug|Any CPU.Build.0 = Debug|Any CPU
		{601A5E1D-A6D4-424B-9198-9ACDD14581FD}.Release|Any CPU.ActiveCfg = Release|Any CPU
		{601A5E1D-A6D4-424B-9198-9ACDD14581FD}.Release|Any CPU.Build.0 = Release|Any CPU
		{5732ED1A-EC82-4695-936F-03887D7CB4FA}.Debug|Any CPU.ActiveCfg = Debug|Any CPU
		{5732ED1A-EC82-4695-936F-03887D7CB4FA}.Debug|Any CPU.Build.0 = Debug|Any CPU
		{5732ED1A-EC82-4695-936F-03887D7CB4FA}.Release|Any CPU.ActiveCfg = Release|Any CPU
		{5732ED1A-EC82-4695-936F-03887D7CB4FA}.Release|Any CPU.Build.0 = Release|Any CPU
		{D87ECCB9-7747-4ED0-8DB8-7C1F0714C072}.Debug|Any CPU.ActiveCfg = Debug|Any CPU
		{D87ECCB9-7747-4ED0-8DB8-7C1F0714C072}.Debug|Any CPU.Build.0 = Debug|Any CPU
		{D87ECCB9-7747-4ED0-8DB8-7C1F0714C072}.Release|Any CPU.ActiveCfg = Release|Any CPU
		{D87ECCB9-7747-4ED0-8DB8-7C1F0714C072}.Release|Any CPU.Build.0 = Release|Any CPU
		{1A8A9678-A925-43AE-9200-CCE25360766C}.Debug|Any CPU.ActiveCfg = Debug|Any CPU
		{1A8A9678-A925-43AE-9200-CCE25360766C}.Debug|Any CPU.Build.0 = Debug|Any CPU
		{1A8A9678-A925-43AE-9200-CCE25360766C}.Release|Any CPU.ActiveCfg = Release|Any CPU
		{1A8A9678-A925-43AE-9200-CCE25360766C}.Release|Any CPU.Build.0 = Release|Any CPU
		{AC04F058-84F3-4278-AE6E-A2048EAB4EFD}.Debug|Any CPU.ActiveCfg = Debug|Any CPU
		{AC04F058-84F3-4278-AE6E-A2048EAB4EFD}.Debug|Any CPU.Build.0 = Debug|Any CPU
		{AC04F058-84F3-4278-AE6E-A2048EAB4EFD}.Release|Any CPU.ActiveCfg = Release|Any CPU
		{AC04F058-84F3-4278-AE6E-A2048EAB4EFD}.Release|Any CPU.Build.0 = Release|Any CPU
		{FD65F9E6-DFCA-4706-B594-D0BC45A051FC}.Debug|Any CPU.ActiveCfg = Debug|Any CPU
		{FD65F9E6-DFCA-4706-B594-D0BC45A051FC}.Debug|Any CPU.Build.0 = Debug|Any CPU
		{FD65F9E6-DFCA-4706-B594-D0BC45A051FC}.Release|Any CPU.ActiveCfg = Release|Any CPU
		{FD65F9E6-DFCA-4706-B594-D0BC45A051FC}.Release|Any CPU.Build.0 = Release|Any CPU
		{CDB556F2-D203-4383-AE11-EC4A4AEDE119}.Debug|Any CPU.ActiveCfg = Debug|Any CPU
		{CDB556F2-D203-4383-AE11-EC4A4AEDE119}.Debug|Any CPU.Build.0 = Debug|Any CPU
		{CDB556F2-D203-4383-AE11-EC4A4AEDE119}.Release|Any CPU.ActiveCfg = Release|Any CPU
		{CDB556F2-D203-4383-AE11-EC4A4AEDE119}.Release|Any CPU.Build.0 = Release|Any CPU
		{0C6AB1DF-AC38-4354-B390-BD48FDCEE095}.Debug|Any CPU.ActiveCfg = Debug|Any CPU
		{0C6AB1DF-AC38-4354-B390-BD48FDCEE095}.Debug|Any CPU.Build.0 = Debug|Any CPU
		{0C6AB1DF-AC38-4354-B390-BD48FDCEE095}.Release|Any CPU.ActiveCfg = Release|Any CPU
		{0C6AB1DF-AC38-4354-B390-BD48FDCEE095}.Release|Any CPU.Build.0 = Release|Any CPU
	EndGlobalSection
	GlobalSection(SolutionProperties) = preSolution
		HideSolutionNode = FALSE
	EndGlobalSection
	GlobalSection(NestedProjects) = preSolution
		{04671DF1-03B0-414A-8A90-211E03FED365} = {1D726C8E-9349-4644-A5B8-CC9DF485F3E7}
		{601A5E1D-A6D4-424B-9198-9ACDD14581FD} = {619898A7-439C-41EB-B181-3282FF7ED5C0}
		{5732ED1A-EC82-4695-936F-03887D7CB4FA} = {3A30C0A6-563F-4CA4-96DF-A60BD6353EA7}
		{D87ECCB9-7747-4ED0-8DB8-7C1F0714C072} = {1D726C8E-9349-4644-A5B8-CC9DF485F3E7}
		{1A8A9678-A925-43AE-9200-CCE25360766C} = {2483E5E9-1DD6-48F6-9E4A-E7CB5C6F0C8B}
		{AC04F058-84F3-4278-AE6E-A2048EAB4EFD} = {2483E5E9-1DD6-48F6-9E4A-E7CB5C6F0C8B}
		{FD65F9E6-DFCA-4706-B594-D0BC45A051FC} = {1D726C8E-9349-4644-A5B8-CC9DF485F3E7}
		{CDB556F2-D203-4383-AE11-EC4A4AEDE119} = {1D726C8E-9349-4644-A5B8-CC9DF485F3E7}
		{0C6AB1DF-AC38-4354-B390-BD48FDCEE095} = {C3165249-0428-4E82-9703-8A2620EF4D7B}
	EndGlobalSection
EndGlobal
